
Microsoft Visual Studio Solution File, Format Version 12.00
# Visual Studio Version 17
VisualStudioVersion = 17.9.34714.143
MinimumVisualStudioVersion = 10.0.40219.1
Project("{9A19103F-16F7-4668-BE54-9A1E7A4F7556}") = "swps_web", "swps_web\swps_web.csproj", "{04224F6A-5DCA-488B-AD1A-F1DE3245CEC2}"
EndProject
Global
	GlobalSection(SolutionConfigurationPlatforms) = preSolution
		Debug|Any CPU = Debug|Any CPU
		Release|Any CPU = Release|Any CPU
	EndGlobalSection
	GlobalSection(ProjectConfigurationPlatforms) = postSolution
		{04224F6A-5DCA-488B-AD1A-F1DE3245CEC2}.Debug|Any CPU.ActiveCfg = Debug|Any CPU
		{04224F6A-5DCA-488B-AD1A-F1DE3245CEC2}.Debug|Any CPU.Build.0 = Debug|Any CPU
		{04224F6A-5DCA-488B-AD1A-F1DE3245CEC2}.Release|Any CPU.ActiveCfg = Release|Any CPU
		{04224F6A-5DCA-488B-AD1A-F1DE3245CEC2}.Release|Any CPU.Build.0 = Release|Any CPU
	EndGlobalSection
	GlobalSection(SolutionProperties) = preSolution
		HideSolutionNode = FALSE
	EndGlobalSection
	GlobalSection(ExtensibilityGlobals) = postSolution
		SolutionGuid = {B535FBA8-94E3-4802-A999-4025C0D06317}
	EndGlobalSection
EndGlobal
